
Microsoft Visual Studio Solution File, Format Version 12.00
# Visual Studio Version 17
VisualStudioVersion = 17.7.34221.43
MinimumVisualStudioVersion = 10.0.40219.1
Project("{FAE04EC0-301F-11D3-BF4B-00C04F79EFBC}") = "ServiceCenter", "ServiceCenter\ServiceCenter.csproj", "{7470E5B4-15AC-4FDF-AFA7-4F8FEC9A637C}"
EndProject
Global
	GlobalSection(SolutionConfigurationPlatforms) = preSolution
		Debug|Any CPU = Debug|Any CPU
		Release|Any CPU = Release|Any CPU
	EndGlobalSection
	GlobalSection(ProjectConfigurationPlatforms) = postSolution
		{7470E5B4-15AC-4FDF-AFA7-4F8FEC9A637C}.Debug|Any CPU.ActiveCfg = Debug|Any CPU
		{7470E5B4-15AC-4FDF-AFA7-4F8FEC9A637C}.Debug|Any CPU.Build.0 = Debug|Any CPU
		{7470E5B4-15AC-4FDF-AFA7-4F8FEC9A637C}.Release|Any CPU.ActiveCfg = Release|Any CPU
		{7470E5B4-15AC-4FDF-AFA7-4F8FEC9A637C}.Release|Any CPU.Build.0 = Release|Any CPU
	EndGlobalSection
	GlobalSection(SolutionProperties) = preSolution
		HideSolutionNode = FALSE
	EndGlobalSection
	GlobalSection(ExtensibilityGlobals) = postSolution
		SolutionGuid = {E9BCC64B-AA13-4FD2-BBB5-A529511936D8}
	EndGlobalSection
EndGlobal
